
Microsoft Visual Studio Solution File, Format Version 12.00
# Visual Studio Version 17
VisualStudioVersion = 17.12.35707.178
MinimumVisualStudioVersion = 10.0.40219.1
Project("{9A19103F-16F7-4668-BE54-9A1E7A4F7556}") = "PoZiomkaApi", "PoZiomkaApi\PoZiomkaApi.csproj", "{C6FCA53F-3BDB-429C-9A18-74AFFBB07757}"
EndProject
Project("{54A90642-561A-4BB1-A94E-469ADEE60C69}") = "PoZiomkaApp", "PoZiomkaApp\PoZiomkaApp.esproj", "{95CE506A-7F91-4BCE-B707-0242266EE32D}"
EndProject
Project("{9A19103F-16F7-4668-BE54-9A1E7A4F7556}") = "PoZiomkaUnitTest", "PoZiomkaTest\PoZiomkaUnitTest.csproj", "{8ADCD66F-F178-488F-AB15-FD95232C9C88}"
EndProject
Project("{9A19103F-16F7-4668-BE54-9A1E7A4F7556}") = "PoZiomkaDomain", "PoZiomkaDomain\PoZiomkaDomain.csproj", "{09EADF0F-4A08-4E4F-8AB4-2A06EDC2387A}"
EndProject
Project("{9A19103F-16F7-4668-BE54-9A1E7A4F7556}") = "PoZiomkaInfrastructure", "PoZiomkaInfrastructure\PoZiomkaInfrastructure.csproj", "{1F71EDB4-8ACF-4D44-992E-1167562D9F93}"
EndProject
Project("{E53339B2-1760-4266-BCC7-CA923CBCF16C}") = "docker-compose", "docker-compose.dcproj", "{473238F2-903D-43A8-8079-53D7EB9766EF}"
EndProject
Project("{FAE04EC0-301F-11D3-BF4B-00C04F79EFBC}") = "PoZiomkaIntegrationTest", "PoZiomkaIntegrationTest\PoZiomkaIntegrationTest.csproj", "{2271DA28-2D91-4FAE-8328-42120F5B221F}"
EndProject
Global
	GlobalSection(SolutionConfigurationPlatforms) = preSolution
		Debug|Any CPU = Debug|Any CPU
		Release|Any CPU = Release|Any CPU
	EndGlobalSection
	GlobalSection(ProjectConfigurationPlatforms) = postSolution
		{C6FCA53F-3BDB-429C-9A18-74AFFBB07757}.Debug|Any CPU.ActiveCfg = Debug|Any CPU
		{C6FCA53F-3BDB-429C-9A18-74AFFBB07757}.Debug|Any CPU.Build.0 = Debug|Any CPU
		{C6FCA53F-3BDB-429C-9A18-74AFFBB07757}.Release|Any CPU.ActiveCfg = Release|Any CPU
		{C6FCA53F-3BDB-429C-9A18-74AFFBB07757}.Release|Any CPU.Build.0 = Release|Any CPU
		{95CE506A-7F91-4BCE-B707-0242266EE32D}.Debug|Any CPU.ActiveCfg = Debug|Any CPU
		{95CE506A-7F91-4BCE-B707-0242266EE32D}.Debug|Any CPU.Build.0 = Debug|Any CPU
		{95CE506A-7F91-4BCE-B707-0242266EE32D}.Debug|Any CPU.Deploy.0 = Debug|Any CPU
		{95CE506A-7F91-4BCE-B707-0242266EE32D}.Release|Any CPU.ActiveCfg = Release|Any CPU
		{95CE506A-7F91-4BCE-B707-0242266EE32D}.Release|Any CPU.Build.0 = Release|Any CPU
		{95CE506A-7F91-4BCE-B707-0242266EE32D}.Release|Any CPU.Deploy.0 = Release|Any CPU
		{8ADCD66F-F178-488F-AB15-FD95232C9C88}.Debug|Any CPU.ActiveCfg = Debug|Any CPU
		{8ADCD66F-F178-488F-AB15-FD95232C9C88}.Debug|Any CPU.Build.0 = Debug|Any CPU
		{8ADCD66F-F178-488F-AB15-FD95232C9C88}.Release|Any CPU.ActiveCfg = Release|Any CPU
		{8ADCD66F-F178-488F-AB15-FD95232C9C88}.Release|Any CPU.Build.0 = Release|Any CPU
		{09EADF0F-4A08-4E4F-8AB4-2A06EDC2387A}.Debug|Any CPU.ActiveCfg = Debug|Any CPU
		{09EADF0F-4A08-4E4F-8AB4-2A06EDC2387A}.Debug|Any CPU.Build.0 = Debug|Any CPU
		{09EADF0F-4A08-4E4F-8AB4-2A06EDC2387A}.Release|Any CPU.ActiveCfg = Release|Any CPU
		{09EADF0F-4A08-4E4F-8AB4-2A06EDC2387A}.Release|Any CPU.Build.0 = Release|Any CPU
		{1F71EDB4-8ACF-4D44-992E-1167562D9F93}.Debug|Any CPU.ActiveCfg = Debug|Any CPU
		{1F71EDB4-8ACF-4D44-992E-1167562D9F93}.Debug|Any CPU.Build.0 = Debug|Any CPU
		{1F71EDB4-8ACF-4D44-992E-1167562D9F93}.Release|Any CPU.ActiveCfg = Release|Any CPU
		{1F71EDB4-8ACF-4D44-992E-1167562D9F93}.Release|Any CPU.Build.0 = Release|Any CPU
		{473238F2-903D-43A8-8079-53D7EB9766EF}.Debug|Any CPU.ActiveCfg = Debug|Any CPU
		{473238F2-903D-43A8-8079-53D7EB9766EF}.Debug|Any CPU.Build.0 = Debug|Any CPU
		{473238F2-903D-43A8-8079-53D7EB9766EF}.Release|Any CPU.ActiveCfg = Release|Any CPU
		{473238F2-903D-43A8-8079-53D7EB9766EF}.Release|Any CPU.Build.0 = Release|Any CPU
		{2271DA28-2D91-4FAE-8328-42120F5B221F}.Debug|Any CPU.ActiveCfg = Debug|Any CPU
		{2271DA28-2D91-4FAE-8328-42120F5B221F}.Debug|Any CPU.Build.0 = Debug|Any CPU
		{2271DA28-2D91-4FAE-8328-42120F5B221F}.Release|Any CPU.ActiveCfg = Release|Any CPU
		{2271DA28-2D91-4FAE-8328-42120F5B221F}.Release|Any CPU.Build.0 = Release|Any CPU
	EndGlobalSection
	GlobalSection(SolutionProperties) = preSolution
		HideSolutionNode = FALSE
	EndGlobalSection
	GlobalSection(ExtensibilityGlobals) = postSolution
		SolutionGuid = {1150C342-9983-44F1-B4C2-B51286152CF5}
	EndGlobalSection
EndGlobal
